
Microsoft Visual Studio Solution File, Format Version 12.00
# Visual Studio Version 16
VisualStudioVersion = 16.0.31424.327
MinimumVisualStudioVersion = 10.0.40219.1
Project("{FAE04EC0-301F-11D3-BF4B-00C04F79EFBC}") = "BeetrootTgBot", "BeetrootTgBot\BeetrootTgBot.csproj", "{0FB3A4EA-7FF4-4F73-B74F-C36B962C7945}"
EndProject
Global
	GlobalSection(SolutionConfigurationPlatforms) = preSolution
		Debug|Any CPU = Debug|Any CPU
		Release|Any CPU = Release|Any CPU
	EndGlobalSection
	GlobalSection(ProjectConfigurationPlatforms) = postSolution
		{0FB3A4EA-7FF4-4F73-B74F-C36B962C7945}.Debug|Any CPU.ActiveCfg = Debug|Any CPU
		{0FB3A4EA-7FF4-4F73-B74F-C36B962C7945}.Debug|Any CPU.Build.0 = Debug|Any CPU
		{0FB3A4EA-7FF4-4F73-B74F-C36B962C7945}.Release|Any CPU.ActiveCfg = Release|Any CPU
		{0FB3A4EA-7FF4-4F73-B74F-C36B962C7945}.Release|Any CPU.Build.0 = Release|Any CPU
	EndGlobalSection
	GlobalSection(SolutionProperties) = preSolution
		HideSolutionNode = FALSE
	EndGlobalSection
	GlobalSection(ExtensibilityGlobals) = postSolution
		SolutionGuid = {E7436476-F460-416F-B7C8-8D7DED0C1BC4}
	EndGlobalSection
EndGlobal
